
Microsoft Visual Studio Solution File, Format Version 12.00
# Visual Studio Version 16
VisualStudioVersion = 16.0.29926.136
MinimumVisualStudioVersion = 10.0.40219.1
Project("{FAE04EC0-301F-11D3-BF4B-00C04F79EFBC}") = "SistemaVenda", "SistemaVenda.csproj", "{C212E132-4523-435C-A389-908660632E81}"
EndProject
Global
	GlobalSection(SolutionConfigurationPlatforms) = preSolution
		Debug|Any CPU = Debug|Any CPU
		Release|Any CPU = Release|Any CPU
	EndGlobalSection
	GlobalSection(ProjectConfigurationPlatforms) = postSolution
		{C212E132-4523-435C-A389-908660632E81}.Debug|Any CPU.ActiveCfg = Debug|Any CPU
		{C212E132-4523-435C-A389-908660632E81}.Debug|Any CPU.Build.0 = Debug|Any CPU
		{C212E132-4523-435C-A389-908660632E81}.Release|Any CPU.ActiveCfg = Release|Any CPU
		{C212E132-4523-435C-A389-908660632E81}.Release|Any CPU.Build.0 = Release|Any CPU
	EndGlobalSection
	GlobalSection(SolutionProperties) = preSolution
		HideSolutionNode = FALSE
	EndGlobalSection
	GlobalSection(ExtensibilityGlobals) = postSolution
		SolutionGuid = {0EE8E00E-1828-48A5-B5EB-42054D5E386E}
	EndGlobalSection
EndGlobal
